
Microsoft Visual Studio Solution File, Format Version 12.00
# Visual Studio Version 17
VisualStudioVersion = 17.5.002.0
MinimumVisualStudioVersion = 10.0.40219.1
Project("{9A19103F-16F7-4668-BE54-9A1E7A4F7556}") = "9_IfStatements", "9_IfStatements.csproj", "{77BED7FF-C232-4B91-939E-E2FA746AF9CB}"
EndProject
Global
	GlobalSection(SolutionConfigurationPlatforms) = preSolution
		Debug|Any CPU = Debug|Any CPU
		Release|Any CPU = Release|Any CPU
	EndGlobalSection
	GlobalSection(ProjectConfigurationPlatforms) = postSolution
		{77BED7FF-C232-4B91-939E-E2FA746AF9CB}.Debug|Any CPU.ActiveCfg = Debug|Any CPU
		{77BED7FF-C232-4B91-939E-E2FA746AF9CB}.Debug|Any CPU.Build.0 = Debug|Any CPU
		{77BED7FF-C232-4B91-939E-E2FA746AF9CB}.Release|Any CPU.ActiveCfg = Release|Any CPU
		{77BED7FF-C232-4B91-939E-E2FA746AF9CB}.Release|Any CPU.Build.0 = Release|Any CPU
	EndGlobalSection
	GlobalSection(SolutionProperties) = preSolution
		HideSolutionNode = FALSE
	EndGlobalSection
	GlobalSection(ExtensibilityGlobals) = postSolution
		SolutionGuid = {A5EBD3CD-3DE3-414A-A645-A6A5EDE30ADC}
	EndGlobalSection
EndGlobal
