
Microsoft Visual Studio Solution File, Format Version 12.00
# Visual Studio Version 17
VisualStudioVersion = 17.5.002.0
MinimumVisualStudioVersion = 10.0.40219.1
Project("{9A19103F-16F7-4668-BE54-9A1E7A4F7556}") = "1_Helloworld", "1_Helloworld\1_Helloworld.csproj", "{DAA22761-5F5C-4045-B043-7FF19EA3B845}"
EndProject
Global
	GlobalSection(SolutionConfigurationPlatforms) = preSolution
		Debug|Any CPU = Debug|Any CPU
		Release|Any CPU = Release|Any CPU
	EndGlobalSection
	GlobalSection(ProjectConfigurationPlatforms) = postSolution
		{DAA22761-5F5C-4045-B043-7FF19EA3B845}.Debug|Any CPU.ActiveCfg = Debug|Any CPU
		{DAA22761-5F5C-4045-B043-7FF19EA3B845}.Debug|Any CPU.Build.0 = Debug|Any CPU
		{DAA22761-5F5C-4045-B043-7FF19EA3B845}.Release|Any CPU.ActiveCfg = Release|Any CPU
		{DAA22761-5F5C-4045-B043-7FF19EA3B845}.Release|Any CPU.Build.0 = Release|Any CPU
	EndGlobalSection
	GlobalSection(SolutionProperties) = preSolution
		HideSolutionNode = FALSE
	EndGlobalSection
	GlobalSection(ExtensibilityGlobals) = postSolution
		SolutionGuid = {6F76EFD1-0F47-47A0-9E96-68B1C48B3326}
	EndGlobalSection
EndGlobal
