
Microsoft Visual Studio Solution File, Format Version 12.00
# Visual Studio Version 17
VisualStudioVersion = 17.5.002.0
MinimumVisualStudioVersion = 10.0.40219.1
Project("{9A19103F-16F7-4668-BE54-9A1E7A4F7556}") = "1_Helloworld", "1_Helloworld\1_Helloworld.csproj", "{E8348FE9-AC5C-4218-B7B8-04859A269BB4}"
EndProject
Project("{9A19103F-16F7-4668-BE54-9A1E7A4F7556}") = "2_Variables", "2_Variables\2_Variables.csproj", "{0F139B5B-B171-43D3-A9AC-20467DAB3758}"
EndProject
Global
	GlobalSection(SolutionConfigurationPlatforms) = preSolution
		Debug|Any CPU = Debug|Any CPU
		Release|Any CPU = Release|Any CPU
	EndGlobalSection
	GlobalSection(ProjectConfigurationPlatforms) = postSolution
		{E8348FE9-AC5C-4218-B7B8-04859A269BB4}.Debug|Any CPU.ActiveCfg = Debug|Any CPU
		{E8348FE9-AC5C-4218-B7B8-04859A269BB4}.Debug|Any CPU.Build.0 = Debug|Any CPU
		{E8348FE9-AC5C-4218-B7B8-04859A269BB4}.Release|Any CPU.ActiveCfg = Release|Any CPU
		{E8348FE9-AC5C-4218-B7B8-04859A269BB4}.Release|Any CPU.Build.0 = Release|Any CPU
		{0F139B5B-B171-43D3-A9AC-20467DAB3758}.Debug|Any CPU.ActiveCfg = Debug|Any CPU
		{0F139B5B-B171-43D3-A9AC-20467DAB3758}.Debug|Any CPU.Build.0 = Debug|Any CPU
		{0F139B5B-B171-43D3-A9AC-20467DAB3758}.Release|Any CPU.ActiveCfg = Release|Any CPU
		{0F139B5B-B171-43D3-A9AC-20467DAB3758}.Release|Any CPU.Build.0 = Release|Any CPU
	EndGlobalSection
	GlobalSection(SolutionProperties) = preSolution
		HideSolutionNode = FALSE
	EndGlobalSection
	GlobalSection(ExtensibilityGlobals) = postSolution
		SolutionGuid = {36A4DDE7-B18A-475B-B7F0-2DE01E9C4051}
	EndGlobalSection
EndGlobal
