
Microsoft Visual Studio Solution File, Format Version 12.00
# Visual Studio Version 17
VisualStudioVersion = 17.5.002.0
MinimumVisualStudioVersion = 10.0.40219.1
Project("{9A19103F-16F7-4668-BE54-9A1E7A4F7556}") = "26_GetterAndSetter", "26_GetterAndSetter.csproj", "{603EA901-179A-4973-AEA6-BE62224A2484}"
EndProject
Global
	GlobalSection(SolutionConfigurationPlatforms) = preSolution
		Debug|Any CPU = Debug|Any CPU
		Release|Any CPU = Release|Any CPU
	EndGlobalSection
	GlobalSection(ProjectConfigurationPlatforms) = postSolution
		{603EA901-179A-4973-AEA6-BE62224A2484}.Debug|Any CPU.ActiveCfg = Debug|Any CPU
		{603EA901-179A-4973-AEA6-BE62224A2484}.Debug|Any CPU.Build.0 = Debug|Any CPU
		{603EA901-179A-4973-AEA6-BE62224A2484}.Release|Any CPU.ActiveCfg = Release|Any CPU
		{603EA901-179A-4973-AEA6-BE62224A2484}.Release|Any CPU.Build.0 = Release|Any CPU
	EndGlobalSection
	GlobalSection(SolutionProperties) = preSolution
		HideSolutionNode = FALSE
	EndGlobalSection
	GlobalSection(ExtensibilityGlobals) = postSolution
		SolutionGuid = {1FDD0271-68F3-4139-A08B-EAE3056FCBBF}
	EndGlobalSection
EndGlobal
