
Microsoft Visual Studio Solution File, Format Version 12.00
# Visual Studio Version 17
VisualStudioVersion = 17.5.002.0
MinimumVisualStudioVersion = 10.0.40219.1
Project("{9A19103F-16F7-4668-BE54-9A1E7A4F7556}") = "11_Loops", "11_Loops.csproj", "{CD410775-E4B5-4CB7-891E-10B927077077}"
EndProject
Global
	GlobalSection(SolutionConfigurationPlatforms) = preSolution
		Debug|Any CPU = Debug|Any CPU
		Release|Any CPU = Release|Any CPU
	EndGlobalSection
	GlobalSection(ProjectConfigurationPlatforms) = postSolution
		{CD410775-E4B5-4CB7-891E-10B927077077}.Debug|Any CPU.ActiveCfg = Debug|Any CPU
		{CD410775-E4B5-4CB7-891E-10B927077077}.Debug|Any CPU.Build.0 = Debug|Any CPU
		{CD410775-E4B5-4CB7-891E-10B927077077}.Release|Any CPU.ActiveCfg = Release|Any CPU
		{CD410775-E4B5-4CB7-891E-10B927077077}.Release|Any CPU.Build.0 = Release|Any CPU
	EndGlobalSection
	GlobalSection(SolutionProperties) = preSolution
		HideSolutionNode = FALSE
	EndGlobalSection
	GlobalSection(ExtensibilityGlobals) = postSolution
		SolutionGuid = {1A18B54D-A221-477C-AFDB-5069BF6A72ED}
	EndGlobalSection
EndGlobal
