
Microsoft Visual Studio Solution File, Format Version 12.00
# Visual Studio Version 17
VisualStudioVersion = 17.5.002.0
MinimumVisualStudioVersion = 10.0.40219.1
Project("{9A19103F-16F7-4668-BE54-9A1E7A4F7556}") = "14_Exceptions", "14_Exceptions.csproj", "{31B2E259-2D5C-42D2-9231-45964E4DEE9E}"
EndProject
Global
	GlobalSection(SolutionConfigurationPlatforms) = preSolution
		Debug|Any CPU = Debug|Any CPU
		Release|Any CPU = Release|Any CPU
	EndGlobalSection
	GlobalSection(ProjectConfigurationPlatforms) = postSolution
		{31B2E259-2D5C-42D2-9231-45964E4DEE9E}.Debug|Any CPU.ActiveCfg = Debug|Any CPU
		{31B2E259-2D5C-42D2-9231-45964E4DEE9E}.Debug|Any CPU.Build.0 = Debug|Any CPU
		{31B2E259-2D5C-42D2-9231-45964E4DEE9E}.Release|Any CPU.ActiveCfg = Release|Any CPU
		{31B2E259-2D5C-42D2-9231-45964E4DEE9E}.Release|Any CPU.Build.0 = Release|Any CPU
	EndGlobalSection
	GlobalSection(SolutionProperties) = preSolution
		HideSolutionNode = FALSE
	EndGlobalSection
	GlobalSection(ExtensibilityGlobals) = postSolution
		SolutionGuid = {1596A270-851D-4726-A4D7-61D605CD23B2}
	EndGlobalSection
EndGlobal
