
Microsoft Visual Studio Solution File, Format Version 12.00
# Visual Studio Version 17
VisualStudioVersion = 17.5.002.0
MinimumVisualStudioVersion = 10.0.40219.1
Project("{9A19103F-16F7-4668-BE54-9A1E7A4F7556}") = "8_StringMethods", "8_StringMethods.csproj", "{1B49B52F-4FA5-467C-A407-5F758419F2E8}"
EndProject
Global
	GlobalSection(SolutionConfigurationPlatforms) = preSolution
		Debug|Any CPU = Debug|Any CPU
		Release|Any CPU = Release|Any CPU
	EndGlobalSection
	GlobalSection(ProjectConfigurationPlatforms) = postSolution
		{1B49B52F-4FA5-467C-A407-5F758419F2E8}.Debug|Any CPU.ActiveCfg = Debug|Any CPU
		{1B49B52F-4FA5-467C-A407-5F758419F2E8}.Debug|Any CPU.Build.0 = Debug|Any CPU
		{1B49B52F-4FA5-467C-A407-5F758419F2E8}.Release|Any CPU.ActiveCfg = Release|Any CPU
		{1B49B52F-4FA5-467C-A407-5F758419F2E8}.Release|Any CPU.Build.0 = Release|Any CPU
	EndGlobalSection
	GlobalSection(SolutionProperties) = preSolution
		HideSolutionNode = FALSE
	EndGlobalSection
	GlobalSection(ExtensibilityGlobals) = postSolution
		SolutionGuid = {79546F9D-5A40-43B1-8590-DF7BF85ABDC8}
	EndGlobalSection
EndGlobal
