
Microsoft Visual Studio Solution File, Format Version 12.00
# Visual Studio Version 17
VisualStudioVersion = 17.5.002.0
MinimumVisualStudioVersion = 10.0.40219.1
Project("{9A19103F-16F7-4668-BE54-9A1E7A4F7556}") = "20_Inheritance", "20_Inheritance.csproj", "{CFCC45D1-D7DA-4E14-81F7-0AA19571B1B2}"
EndProject
Global
	GlobalSection(SolutionConfigurationPlatforms) = preSolution
		Debug|Any CPU = Debug|Any CPU
		Release|Any CPU = Release|Any CPU
	EndGlobalSection
	GlobalSection(ProjectConfigurationPlatforms) = postSolution
		{CFCC45D1-D7DA-4E14-81F7-0AA19571B1B2}.Debug|Any CPU.ActiveCfg = Debug|Any CPU
		{CFCC45D1-D7DA-4E14-81F7-0AA19571B1B2}.Debug|Any CPU.Build.0 = Debug|Any CPU
		{CFCC45D1-D7DA-4E14-81F7-0AA19571B1B2}.Release|Any CPU.ActiveCfg = Release|Any CPU
		{CFCC45D1-D7DA-4E14-81F7-0AA19571B1B2}.Release|Any CPU.Build.0 = Release|Any CPU
	EndGlobalSection
	GlobalSection(SolutionProperties) = preSolution
		HideSolutionNode = FALSE
	EndGlobalSection
	GlobalSection(ExtensibilityGlobals) = postSolution
		SolutionGuid = {430A68AD-925B-4D76-A343-A41CF817FC32}
	EndGlobalSection
EndGlobal
